
Microsoft Visual Studio Solution File, Format Version 12.00
# Visual Studio 2012
Project("{FAE04EC0-301F-11D3-BF4B-00C04F79EFBC}") = "Common", "Common\Common.csproj", "{81AF4FA5-44F7-4010-8769-B85B8B542FA2}"
EndProject
Project("{FAE04EC0-301F-11D3-BF4B-00C04F79EFBC}") = "Common.WinForms", "Common.WinForms\Common.WinForms.csproj", "{DACD1A8E-7734-458C-92B4-DA1F29940890}"
EndProject
Project("{FAE04EC0-301F-11D3-BF4B-00C04F79EFBC}") = "Common.Gtk", "Common.Gtk\Common.Gtk.csproj", "{D602F86B-EF33-4DB3-8FD5-18DFBB98C306}"
EndProject
Project("{FAE04EC0-301F-11D3-BF4B-00C04F79EFBC}") = "Common.UnitTests", "Common.UnitTests\Common.UnitTests.csproj", "{CA9D6092-4365-4385-9700-9570A98EF09D}"
EndProject
Global
	GlobalSection(SolutionConfigurationPlatforms) = preSolution
		Debug|x86 = Debug|x86
		DebugNet20|x86 = DebugNet20|x86
		DebugNet35|x86 = DebugNet35|x86
		DebugNet40|x86 = DebugNet40|x86
		Release|x86 = Release|x86
		ReleaseNet20|x86 = ReleaseNet20|x86
		ReleaseNet35|x86 = ReleaseNet35|x86
		ReleaseNet40|x86 = ReleaseNet40|x86
	EndGlobalSection
	GlobalSection(ProjectConfigurationPlatforms) = postSolution
		{81AF4FA5-44F7-4010-8769-B85B8B542FA2}.Debug|x86.ActiveCfg = Debug|Any CPU
		{81AF4FA5-44F7-4010-8769-B85B8B542FA2}.Debug|x86.Build.0 = Debug|Any CPU
		{81AF4FA5-44F7-4010-8769-B85B8B542FA2}.DebugNet20|x86.ActiveCfg = DebugNet20|Any CPU
		{81AF4FA5-44F7-4010-8769-B85B8B542FA2}.DebugNet20|x86.Build.0 = DebugNet20|Any CPU
		{81AF4FA5-44F7-4010-8769-B85B8B542FA2}.DebugNet35|x86.ActiveCfg = DebugNet35|Any CPU
		{81AF4FA5-44F7-4010-8769-B85B8B542FA2}.DebugNet35|x86.Build.0 = DebugNet35|Any CPU
		{81AF4FA5-44F7-4010-8769-B85B8B542FA2}.DebugNet40|x86.ActiveCfg = DebugNet40|Any CPU
		{81AF4FA5-44F7-4010-8769-B85B8B542FA2}.DebugNet40|x86.Build.0 = DebugNet40|Any CPU
		{81AF4FA5-44F7-4010-8769-B85B8B542FA2}.Release|x86.ActiveCfg = Release|Any CPU
		{81AF4FA5-44F7-4010-8769-B85B8B542FA2}.Release|x86.Build.0 = Release|Any CPU
		{81AF4FA5-44F7-4010-8769-B85B8B542FA2}.ReleaseNet20|x86.ActiveCfg = ReleaseNet20|Any CPU
		{81AF4FA5-44F7-4010-8769-B85B8B542FA2}.ReleaseNet20|x86.Build.0 = ReleaseNet20|Any CPU
		{81AF4FA5-44F7-4010-8769-B85B8B542FA2}.ReleaseNet35|x86.ActiveCfg = ReleaseNet35|Any CPU
		{81AF4FA5-44F7-4010-8769-B85B8B542FA2}.ReleaseNet35|x86.Build.0 = ReleaseNet35|Any CPU
		{81AF4FA5-44F7-4010-8769-B85B8B542FA2}.ReleaseNet40|x86.ActiveCfg = ReleaseNet40|Any CPU
		{81AF4FA5-44F7-4010-8769-B85B8B542FA2}.ReleaseNet40|x86.Build.0 = ReleaseNet40|Any CPU
		{DACD1A8E-7734-458C-92B4-DA1F29940890}.Debug|x86.ActiveCfg = Debug|Any CPU
		{DACD1A8E-7734-458C-92B4-DA1F29940890}.Debug|x86.Build.0 = Debug|Any CPU
		{DACD1A8E-7734-458C-92B4-DA1F29940890}.DebugNet20|x86.ActiveCfg = DebugNet20|Any CPU
		{DACD1A8E-7734-458C-92B4-DA1F29940890}.DebugNet20|x86.Build.0 = DebugNet20|Any CPU
		{DACD1A8E-7734-458C-92B4-DA1F29940890}.DebugNet35|x86.ActiveCfg = DebugNet35|Any CPU
		{DACD1A8E-7734-458C-92B4-DA1F29940890}.DebugNet35|x86.Build.0 = DebugNet35|Any CPU
		{DACD1A8E-7734-458C-92B4-DA1F29940890}.DebugNet40|x86.ActiveCfg = DebugNet40|Any CPU
		{DACD1A8E-7734-458C-92B4-DA1F29940890}.DebugNet40|x86.Build.0 = DebugNet40|Any CPU
		{DACD1A8E-7734-458C-92B4-DA1F29940890}.Release|x86.ActiveCfg = Release|Any CPU
		{DACD1A8E-7734-458C-92B4-DA1F29940890}.Release|x86.Build.0 = Release|Any CPU
		{DACD1A8E-7734-458C-92B4-DA1F29940890}.ReleaseNet20|x86.ActiveCfg = ReleaseNet20|Any CPU
		{DACD1A8E-7734-458C-92B4-DA1F29940890}.ReleaseNet20|x86.Build.0 = ReleaseNet20|Any CPU
		{DACD1A8E-7734-458C-92B4-DA1F29940890}.ReleaseNet35|x86.ActiveCfg = ReleaseNet35|Any CPU
		{DACD1A8E-7734-458C-92B4-DA1F29940890}.ReleaseNet35|x86.Build.0 = ReleaseNet35|Any CPU
		{DACD1A8E-7734-458C-92B4-DA1F29940890}.ReleaseNet40|x86.ActiveCfg = ReleaseNet40|Any CPU
		{DACD1A8E-7734-458C-92B4-DA1F29940890}.ReleaseNet40|x86.Build.0 = ReleaseNet40|Any CPU
		{D602F86B-EF33-4DB3-8FD5-18DFBB98C306}.Debug|x86.ActiveCfg = Debug|x86
		{D602F86B-EF33-4DB3-8FD5-18DFBB98C306}.Debug|x86.Build.0 = Debug|x86
		{D602F86B-EF33-4DB3-8FD5-18DFBB98C306}.DebugNet20|x86.ActiveCfg = Debug|x86
		{D602F86B-EF33-4DB3-8FD5-18DFBB98C306}.DebugNet35|x86.ActiveCfg = Debug|x86
		{D602F86B-EF33-4DB3-8FD5-18DFBB98C306}.DebugNet40|x86.ActiveCfg = DebugNet40|x86
		{D602F86B-EF33-4DB3-8FD5-18DFBB98C306}.DebugNet40|x86.Build.0 = DebugNet40|x86
		{D602F86B-EF33-4DB3-8FD5-18DFBB98C306}.Release|x86.ActiveCfg = Release|x86
		{D602F86B-EF33-4DB3-8FD5-18DFBB98C306}.Release|x86.Build.0 = Release|x86
		{D602F86B-EF33-4DB3-8FD5-18DFBB98C306}.ReleaseNet20|x86.ActiveCfg = Release|x86
		{D602F86B-EF33-4DB3-8FD5-18DFBB98C306}.ReleaseNet35|x86.ActiveCfg = Release|x86
		{D602F86B-EF33-4DB3-8FD5-18DFBB98C306}.ReleaseNet40|x86.ActiveCfg = ReleaseNet40|x86
		{D602F86B-EF33-4DB3-8FD5-18DFBB98C306}.ReleaseNet40|x86.Build.0 = ReleaseNet40|x86
		{CA9D6092-4365-4385-9700-9570A98EF09D}.Debug|x86.ActiveCfg = Debug|Any CPU
		{CA9D6092-4365-4385-9700-9570A98EF09D}.Debug|x86.Build.0 = Debug|Any CPU
		{CA9D6092-4365-4385-9700-9570A98EF09D}.DebugNet20|x86.ActiveCfg = Debug|Any CPU
		{CA9D6092-4365-4385-9700-9570A98EF09D}.DebugNet35|x86.ActiveCfg = Debug|Any CPU
		{CA9D6092-4365-4385-9700-9570A98EF09D}.DebugNet40|x86.ActiveCfg = Debug|Any CPU
		{CA9D6092-4365-4385-9700-9570A98EF09D}.Release|x86.ActiveCfg = Debug|Any CPU
		{CA9D6092-4365-4385-9700-9570A98EF09D}.ReleaseNet20|x86.ActiveCfg = Debug|Any CPU
		{CA9D6092-4365-4385-9700-9570A98EF09D}.ReleaseNet35|x86.ActiveCfg = Debug|Any CPU
		{CA9D6092-4365-4385-9700-9570A98EF09D}.ReleaseNet40|x86.ActiveCfg = Debug|Any CPU
	EndGlobalSection
	GlobalSection(SolutionProperties) = preSolution
		HideSolutionNode = FALSE
	EndGlobalSection
EndGlobal
