
Microsoft Visual Studio Solution File, Format Version 12.00
# Visual Studio 15
VisualStudioVersion = 15.0.26430.12
MinimumVisualStudioVersion = 14.0.23107.0
Project("{9A19103F-16F7-4668-BE54-9A1E7A4F7556}") = "Common", "Common\Common.csproj", "{81AF4FA5-44F7-4010-8769-B85B8B542FA2}"
EndProject
Project("{9A19103F-16F7-4668-BE54-9A1E7A4F7556}") = "Common.WinForms", "Common.WinForms\Common.WinForms.csproj", "{DACD1A8E-7734-458C-92B4-DA1F29940890}"
EndProject
Project("{FAE04EC0-301F-11D3-BF4B-00C04F79EFBC}") = "Common.AnsiCli", "Common.AnsiCli\Common.AnsiCli.csproj", "{9C8DC31D-93B7-452B-ABB7-9A0021569F2C}"
EndProject
Project("{9A19103F-16F7-4668-BE54-9A1E7A4F7556}") = "UnitTests", "UnitTests\UnitTests.csproj", "{4E618CB3-F190-4080-8509-7D65C46D5700}"
EndProject
Project("{2150E333-8FDC-42A3-9474-1A3956D46DE8}") = "Shared", "Shared", "{DF3EAE39-42CD-4614-91E7-AFFB5DFC2E73}"
ProjectSection(SolutionItems) = preProject
	Directory.Build.props = Directory.Build.props
EndProjectSection
EndProject
Project("{2150E333-8FDC-42A3-9474-1A3956D46DE8}") = "Samples", "Samples", "{6CA386AF-9BB1-408B-BE5B-EE35926CA6D6}"
EndProject
Project("{FAE04EC0-301F-11D3-BF4B-00C04F79EFBC}") = "AnsiCli", "Samples\AnsiCli\AnsiCli.csproj", "{2CECAAFF-C805-4B7F-9515-9970470C56EA}"
EndProject
Project("{FAE04EC0-301F-11D3-BF4B-00C04F79EFBC}") = "WinForms", "Samples\WinForms\WinForms.csproj", "{EBD0B941-3915-409A-9633-DB22C49A8837}"
EndProject
Global
	GlobalSection(SolutionConfigurationPlatforms) = preSolution
		Debug|Any CPU = Debug|Any CPU
		Release|Any CPU = Release|Any CPU
	EndGlobalSection
	GlobalSection(ProjectConfigurationPlatforms) = postSolution
		{81AF4FA5-44F7-4010-8769-B85B8B542FA2}.Debug|Any CPU.ActiveCfg = Debug|Any CPU
		{81AF4FA5-44F7-4010-8769-B85B8B542FA2}.Debug|Any CPU.Build.0 = Debug|Any CPU
		{81AF4FA5-44F7-4010-8769-B85B8B542FA2}.Release|Any CPU.ActiveCfg = Release|Any CPU
		{81AF4FA5-44F7-4010-8769-B85B8B542FA2}.Release|Any CPU.Build.0 = Release|Any CPU
		{DACD1A8E-7734-458C-92B4-DA1F29940890}.Debug|Any CPU.ActiveCfg = Debug|Any CPU
		{DACD1A8E-7734-458C-92B4-DA1F29940890}.Debug|Any CPU.Build.0 = Debug|Any CPU
		{DACD1A8E-7734-458C-92B4-DA1F29940890}.Release|Any CPU.ActiveCfg = Release|Any CPU
		{DACD1A8E-7734-458C-92B4-DA1F29940890}.Release|Any CPU.Build.0 = Release|Any CPU
		{9C8DC31D-93B7-452B-ABB7-9A0021569F2C}.Debug|Any CPU.ActiveCfg = Debug|Any CPU
		{9C8DC31D-93B7-452B-ABB7-9A0021569F2C}.Debug|Any CPU.Build.0 = Debug|Any CPU
		{9C8DC31D-93B7-452B-ABB7-9A0021569F2C}.Release|Any CPU.ActiveCfg = Release|Any CPU
		{9C8DC31D-93B7-452B-ABB7-9A0021569F2C}.Release|Any CPU.Build.0 = Release|Any CPU
		{4E618CB3-F190-4080-8509-7D65C46D5700}.Debug|Any CPU.ActiveCfg = Debug|Any CPU
		{4E618CB3-F190-4080-8509-7D65C46D5700}.Debug|Any CPU.Build.0 = Debug|Any CPU
		{4E618CB3-F190-4080-8509-7D65C46D5700}.Release|Any CPU.ActiveCfg = Release|Any CPU
		{4E618CB3-F190-4080-8509-7D65C46D5700}.Release|Any CPU.Build.0 = Release|Any CPU
		{2CECAAFF-C805-4B7F-9515-9970470C56EA}.Debug|Any CPU.ActiveCfg = Debug|Any CPU
		{2CECAAFF-C805-4B7F-9515-9970470C56EA}.Debug|Any CPU.Build.0 = Debug|Any CPU
		{2CECAAFF-C805-4B7F-9515-9970470C56EA}.Release|Any CPU.ActiveCfg = Release|Any CPU
		{2CECAAFF-C805-4B7F-9515-9970470C56EA}.Release|Any CPU.Build.0 = Release|Any CPU
		{EBD0B941-3915-409A-9633-DB22C49A8837}.Debug|Any CPU.ActiveCfg = Debug|Any CPU
		{EBD0B941-3915-409A-9633-DB22C49A8837}.Debug|Any CPU.Build.0 = Debug|Any CPU
		{EBD0B941-3915-409A-9633-DB22C49A8837}.Release|Any CPU.ActiveCfg = Release|Any CPU
		{EBD0B941-3915-409A-9633-DB22C49A8837}.Release|Any CPU.Build.0 = Release|Any CPU
	EndGlobalSection
	GlobalSection(SolutionProperties) = preSolution
		HideSolutionNode = FALSE
	EndGlobalSection
	GlobalSection(ExtensibilityGlobals) = postSolution
		SolutionGuid = {1B300C07-32E6-4F6C-AB2B-D40914877B42}
	EndGlobalSection
	GlobalSection(NestedProjects) = preSolution
		{2CECAAFF-C805-4B7F-9515-9970470C56EA} = {6CA386AF-9BB1-408B-BE5B-EE35926CA6D6}
		{EBD0B941-3915-409A-9633-DB22C49A8837} = {6CA386AF-9BB1-408B-BE5B-EE35926CA6D6}
	EndGlobalSection
EndGlobal
