
Microsoft Visual Studio Solution File, Format Version 12.00
# Visual Studio 2013
VisualStudioVersion = 12.0.30110.0
MinimumVisualStudioVersion = 10.0.40219.1
Project("{FAE04EC0-301F-11D3-BF4B-00C04F79EFBC}") = "Common", "Common\Common.csproj", "{81AF4FA5-44F7-4010-8769-B85B8B542FA2}"
EndProject
Project("{FAE04EC0-301F-11D3-BF4B-00C04F79EFBC}") = "Common.WinForms", "Common.WinForms\Common.WinForms.csproj", "{DACD1A8E-7734-458C-92B4-DA1F29940890}"
EndProject
Project("{FAE04EC0-301F-11D3-BF4B-00C04F79EFBC}") = "Common.Gtk", "Common.Gtk\Common.Gtk.csproj", "{D602F86B-EF33-4DB3-8FD5-18DFBB98C306}"
EndProject
Project("{FAE04EC0-301F-11D3-BF4B-00C04F79EFBC}") = "Common.UnitTests", "Common.UnitTests\Common.UnitTests.csproj", "{CA9D6092-4365-4385-9700-9570A98EF09D}"
EndProject
Project("{FAE04EC0-301F-11D3-BF4B-00C04F79EFBC}") = "Common.SlimDX", "Common.SlimDX\Common.SlimDX.csproj", "{6CB76EFE-4883-42FC-997C-6DCB14E02C83}"
EndProject
Project("{FAE04EC0-301F-11D3-BF4B-00C04F79EFBC}") = "Common.SlimDX.UnitTests", "Common.SlimDX.UnitTests\Common.SlimDX.UnitTests.csproj", "{9A31FAC8-32D1-422E-8C03-37218F847AAA}"
EndProject
Project("{2150E333-8FDC-42A3-9474-1A3956D46DE8}") = ".nuget", ".nuget", "{56CE7F69-0351-4D5B-93BF-C3F6C8EFC5C7}"
	ProjectSection(SolutionItems) = preProject
		.nuget\NuGet.Config = .nuget\NuGet.Config
		.nuget\NuGet.exe = .nuget\NuGet.exe
		.nuget\NuGet.targets = .nuget\NuGet.targets
	EndProjectSection
EndProject
Global
	GlobalSection(SolutionConfigurationPlatforms) = preSolution
		Debug|x86 = Debug|x86
		DebugWithGtk|x86 = DebugWithGtk|x86
		Release|x86 = Release|x86
		ReleaseWithGtk|x86 = ReleaseWithGtk|x86
	EndGlobalSection
	GlobalSection(ProjectConfigurationPlatforms) = postSolution
		{81AF4FA5-44F7-4010-8769-B85B8B542FA2}.Debug|x86.ActiveCfg = Debug|Any CPU
		{81AF4FA5-44F7-4010-8769-B85B8B542FA2}.Debug|x86.Build.0 = Debug|Any CPU
		{81AF4FA5-44F7-4010-8769-B85B8B542FA2}.DebugWithGtk|x86.ActiveCfg = Debug|Any CPU
		{81AF4FA5-44F7-4010-8769-B85B8B542FA2}.DebugWithGtk|x86.Build.0 = Debug|Any CPU
		{81AF4FA5-44F7-4010-8769-B85B8B542FA2}.Release|x86.ActiveCfg = Release|Any CPU
		{81AF4FA5-44F7-4010-8769-B85B8B542FA2}.Release|x86.Build.0 = Release|Any CPU
		{81AF4FA5-44F7-4010-8769-B85B8B542FA2}.ReleaseWithGtk|x86.ActiveCfg = Release|Any CPU
		{81AF4FA5-44F7-4010-8769-B85B8B542FA2}.ReleaseWithGtk|x86.Build.0 = Release|Any CPU
		{DACD1A8E-7734-458C-92B4-DA1F29940890}.Debug|x86.ActiveCfg = Debug|Any CPU
		{DACD1A8E-7734-458C-92B4-DA1F29940890}.Debug|x86.Build.0 = Debug|Any CPU
		{DACD1A8E-7734-458C-92B4-DA1F29940890}.DebugWithGtk|x86.ActiveCfg = Debug|Any CPU
		{DACD1A8E-7734-458C-92B4-DA1F29940890}.DebugWithGtk|x86.Build.0 = Debug|Any CPU
		{DACD1A8E-7734-458C-92B4-DA1F29940890}.Release|x86.ActiveCfg = Release|Any CPU
		{DACD1A8E-7734-458C-92B4-DA1F29940890}.Release|x86.Build.0 = Release|Any CPU
		{DACD1A8E-7734-458C-92B4-DA1F29940890}.ReleaseWithGtk|x86.ActiveCfg = Release|Any CPU
		{DACD1A8E-7734-458C-92B4-DA1F29940890}.ReleaseWithGtk|x86.Build.0 = Release|Any CPU
		{D602F86B-EF33-4DB3-8FD5-18DFBB98C306}.Debug|x86.ActiveCfg = Debug|x86
		{D602F86B-EF33-4DB3-8FD5-18DFBB98C306}.DebugWithGtk|x86.ActiveCfg = Debug|x86
		{D602F86B-EF33-4DB3-8FD5-18DFBB98C306}.DebugWithGtk|x86.Build.0 = Debug|x86
		{D602F86B-EF33-4DB3-8FD5-18DFBB98C306}.Release|x86.ActiveCfg = Release|x86
		{D602F86B-EF33-4DB3-8FD5-18DFBB98C306}.ReleaseWithGtk|x86.ActiveCfg = Release|x86
		{D602F86B-EF33-4DB3-8FD5-18DFBB98C306}.ReleaseWithGtk|x86.Build.0 = Release|x86
		{CA9D6092-4365-4385-9700-9570A98EF09D}.Debug|x86.ActiveCfg = Debug|Any CPU
		{CA9D6092-4365-4385-9700-9570A98EF09D}.Debug|x86.Build.0 = Debug|Any CPU
		{CA9D6092-4365-4385-9700-9570A98EF09D}.DebugWithGtk|x86.ActiveCfg = Debug|Any CPU
		{CA9D6092-4365-4385-9700-9570A98EF09D}.DebugWithGtk|x86.Build.0 = Debug|Any CPU
		{CA9D6092-4365-4385-9700-9570A98EF09D}.Release|x86.ActiveCfg = Debug|Any CPU
		{CA9D6092-4365-4385-9700-9570A98EF09D}.ReleaseWithGtk|x86.ActiveCfg = Debug|Any CPU
		{6CB76EFE-4883-42FC-997C-6DCB14E02C83}.Debug|x86.ActiveCfg = Debug|x86
		{6CB76EFE-4883-42FC-997C-6DCB14E02C83}.Debug|x86.Build.0 = Debug|x86
		{6CB76EFE-4883-42FC-997C-6DCB14E02C83}.DebugWithGtk|x86.ActiveCfg = Debug|x86
		{6CB76EFE-4883-42FC-997C-6DCB14E02C83}.DebugWithGtk|x86.Build.0 = Debug|x86
		{6CB76EFE-4883-42FC-997C-6DCB14E02C83}.Release|x86.ActiveCfg = Release|x86
		{6CB76EFE-4883-42FC-997C-6DCB14E02C83}.Release|x86.Build.0 = Release|x86
		{6CB76EFE-4883-42FC-997C-6DCB14E02C83}.ReleaseWithGtk|x86.ActiveCfg = Release|x86
		{6CB76EFE-4883-42FC-997C-6DCB14E02C83}.ReleaseWithGtk|x86.Build.0 = Release|x86
		{9A31FAC8-32D1-422E-8C03-37218F847AAA}.Debug|x86.ActiveCfg = Debug|x86
		{9A31FAC8-32D1-422E-8C03-37218F847AAA}.Debug|x86.Build.0 = Debug|x86
		{9A31FAC8-32D1-422E-8C03-37218F847AAA}.DebugWithGtk|x86.ActiveCfg = Debug|x86
		{9A31FAC8-32D1-422E-8C03-37218F847AAA}.DebugWithGtk|x86.Build.0 = Debug|x86
		{9A31FAC8-32D1-422E-8C03-37218F847AAA}.Release|x86.ActiveCfg = Debug|x86
		{9A31FAC8-32D1-422E-8C03-37218F847AAA}.ReleaseWithGtk|x86.ActiveCfg = Debug|x86
	EndGlobalSection
	GlobalSection(SolutionProperties) = preSolution
		HideSolutionNode = FALSE
	EndGlobalSection
EndGlobal
